[[package]]
name = "libc"
version = "0.2.50"
source = "registry+https://github.com/rust-lang/crates.io-index"

[[package]]
name = "num_cpus"
version = "1.10.0"
source = "registry+https://github.com/rust-lang/crates.io-index"
dependencies = [
 "libc 0.2.50 (registry+https://github.com/rust-lang/crates.io-index)",
]

[[package]]
name = "persist"
version = "0.1.0"
dependencies = [
 "threadpool 1.7.1 (registry+https://github.com/rust-lang/crates.io-index)",
]

[[package]]
name = "threadpool"
version = "1.7.1"
source = "registry+https://github.com/rust-lang/crates.io-index"
dependencies = [
 "num_cpus 1.10.0 (registry+https://github.com/rust-lang/crates.io-index)",
]

[metadata]
"checksum libc 0.2.50 (registry+https://github.com/rust-lang/crates.io-index)" = "aab692d7759f5cd8c859e169db98ae5b52c924add2af5fbbca11d12fefb567c1"
"checksum num_cpus 1.10.0 (registry+https://github.com/rust-lang/crates.io-index)" = "1a23f0ed30a54abaa0c7e83b1d2d87ada7c3c23078d1d87815af3e3b6385fbba"
"checksum threadpool 1.7.1 (registry+https://github.com/rust-lang/crates.io-index)" = "e2f0c90a5f3459330ac8bc0d2f879c693bb7a2f59689c1083fc4ef83834da865"
